
Microsoft Visual Studio Solution File, Format Version 12.00
# Visual Studio Version 16
VisualStudioVersion = 16.0.31515.178
MinimumVisualStudioVersion = 10.0.40219.1
Project("{FAE04EC0-301F-11D3-BF4B-00C04F79EFBC}") = "HaitianRestaurantApp2", "HaitianRestaurantApp2\HaitianRestaurantApp2.csproj", "{FBFBBB63-E449-48EE-ADAB-B5DE1AF17CCF}"
EndProject
Global
	GlobalSection(SolutionConfigurationPlatforms) = preSolution
		Debug|Any CPU = Debug|Any CPU
		Release|Any CPU = Release|Any CPU
	EndGlobalSection
	GlobalSection(ProjectConfigurationPlatforms) = postSolution
		{FBFBBB63-E449-48EE-ADAB-B5DE1AF17CCF}.Debug|Any CPU.ActiveCfg = Debug|Any CPU
		{FBFBBB63-E449-48EE-ADAB-B5DE1AF17CCF}.Debug|Any CPU.Build.0 = Debug|Any CPU
		{FBFBBB63-E449-48EE-ADAB-B5DE1AF17CCF}.Release|Any CPU.ActiveCfg = Release|Any CPU
		{FBFBBB63-E449-48EE-ADAB-B5DE1AF17CCF}.Release|Any CPU.Build.0 = Release|Any CPU
	EndGlobalSection
	GlobalSection(SolutionProperties) = preSolution
		HideSolutionNode = FALSE
	EndGlobalSection
	GlobalSection(ExtensibilityGlobals) = postSolution
		SolutionGuid = {4AE57B59-A9E8-4239-BDA0-1D9B1FBB291C}
	EndGlobalSection
EndGlobal
